// !$*UTF8*$!
{
	archiveVersion = 1;
	classes = {
	};
	objectVersion = 56;
	objects = {

/* Begin PBXBuildFile section */
		3AADC3D829834DB50056ACDE /* DogApiApp.swift in Sources */ = {isa = PBXBuildFile; fileRef = 3AADC3D729834DB50056ACDE /* DogApiApp.swift */; };
		3AADC3DA29834DB50056ACDE /* AllDogsView.swift in Sources */ = {isa = PBXBuildFile; fileRef = 3AADC3D929834DB50056ACDE /* AllDogsView.swift */; };
		3AADC3DC29834DB60056ACDE /* Assets.xcassets in Resources */ = {isa = PBXBuildFile; fileRef = 3AADC3DB29834DB60056ACDE /* Assets.xcassets */; };
		3AADC3E029834DB60056ACDE /* Preview Assets.xcassets in Resources */ = {isa = PBXBuildFile; fileRef = 3AADC3DF29834DB60056ACDE /* Preview Assets.xcassets */; };
		3AADC3E929834E690056ACDE /* ServiceLayer.swift in Sources */ = {isa = PBXBuildFile; fileRef = 3AADC3E829834E690056ACDE /* ServiceLayer.swift */; };
		3AADC3EB29834F740056ACDE /* DogModel.swift in Sources */ = {isa = PBXBuildFile; fileRef = 3AADC3EA29834F740056ACDE /* DogModel.swift */; };
		3AADC3F02983629C0056ACDE /* ErrorModel.swift in Sources */ = {isa = PBXBuildFile; fileRef = 3AADC3EF2983629C0056ACDE /* ErrorModel.swift */; };
		3AADC3F229836B200056ACDE /* DogState.swift in Sources */ = {isa = PBXBuildFile; fileRef = 3AADC3F129836B200056ACDE /* DogState.swift */; };
/* End PBXBuildFile section */

/* Begin PBXFileReference section */
		3AADC3D429834DB50056ACDE /* DogApi.app */ = {isa = PBXFileReference; explicitFileType = wrapper.application; includeInIndex = 0; path = DogApi.app; sourceTree = BUILT_PRODUCTS_DIR; };
		3AADC3D729834DB50056ACDE /* DogApiApp.swift */ = {isa = PBXFileReference; lastKnownFileType = sourcecode.swift; path = DogApiApp.swift; sourceTree = "<group>"; };
		3AADC3D929834DB50056ACDE /* AllDogsView.swift */ = {isa = PBXFileReference; lastKnownFileType = sourcecode.swift; path = AllDogsView.swift; sourceTree = "<group>"; };
		3AADC3DB29834DB60056ACDE /* Assets.xcassets */ = {isa = PBXFileReference; lastKnownFileType = folder.assetcatalog; path = Assets.xcassets; sourceTree = "<group>"; };
		3AADC3DD29834DB60056ACDE /* DogApi.entitlements */ = {isa = PBXFileReference; lastKnownFileType = text.plist.entitlements; path = DogApi.entitlements; sourceTree = "<group>"; };
		3AADC3DF29834DB60056ACDE /* Preview Assets.xcassets */ = {isa = PBXFileReference; lastKnownFileType = folder.assetcatalog; path = "Preview Assets.xcassets"; sourceTree = "<group>"; };
		3AADC3E829834E690056ACDE /* ServiceLayer.swift */ = {isa = PBXFileReference; lastKnownFileType = sourcecode.swift; path = ServiceLayer.swift; sourceTree = "<group>"; };
		3AADC3EA29834F740056ACDE /* DogModel.swift */ = {isa = PBXFileReference; lastKnownFileType = sourcecode.swift; path = DogModel.swift; sourceTree = "<group>"; };
		3AADC3EF2983629C0056ACDE /* ErrorModel.swift */ = {isa = PBXFileReference; lastKnownFileType = sourcecode.swift; path = ErrorModel.swift; sourceTree = "<group>"; };
		3AADC3F129836B200056ACDE /* DogState.swift */ = {isa = PBXFileReference; lastKnownFileType = sourcecode.swift; path = DogState.swift; sourceTree = "<group>"; };
/* End PBXFileReference section */

/* Begin PBXFrameworksBuildPhase section */
		3AADC3D129834DB50056ACDE /* Frameworks */ = {
			isa = PBXFrameworksBuildPhase;
			buildActionMask = 2147483647;
			files = (
			);
			runOnlyForDeploymentPostprocessing = 0;
		};
/* End PBXFrameworksBuildPhase section */

/* Begin PBXGroup section */
		3AADC3CB29834DB40056ACDE = {
			isa = PBXGroup;
			children = (
				3AADC3D629834DB50056ACDE /* DogApi */,
				3AADC3D529834DB50056ACDE /* Products */,
			);
			sourceTree = "<group>";
		};
		3AADC3D529834DB50056ACDE /* Products */ = {
			isa = PBXGroup;
			children = (
				3AADC3D429834DB50056ACDE /* DogApi.app */,
			);
			name = Products;
			sourceTree = "<group>";
		};
		3AADC3D629834DB50056ACDE /* DogApi */ = {
			isa = PBXGroup;
			children = (
				3AADC3D729834DB50056ACDE /* DogApiApp.swift */,
				3AADC3F329836B2D0056ACDE /* Bindings */,
				3AADC3EE298362110056ACDE /* Views */,
				3AADC3EC298361F20056ACDE /* Models */,
				3AADC3ED298361FF0056ACDE /* ApiManager */,
				3AADC3DB29834DB60056ACDE /* Assets.xcassets */,
				3AADC3DD29834DB60056ACDE /* DogApi.entitlements */,
				3AADC3DE29834DB60056ACDE /* Preview Content */,
			);
			path = DogApi;
			sourceTree = "<group>";
		};
		3AADC3DE29834DB60056ACDE /* Preview Content */ = {
			isa = PBXGroup;
			children = (
				3AADC3DF29834DB60056ACDE /* Preview Assets.xcassets */,
			);
			path = "Preview Content";
			sourceTree = "<group>";
		};
		3AADC3EC298361F20056ACDE /* Models */ = {
			isa = PBXGroup;
			children = (
				3AADC3EA29834F740056ACDE /* DogModel.swift */,
				3AADC3EF2983629C0056ACDE /* ErrorModel.swift */,
			);
			path = Models;
			sourceTree = "<group>";
		};
		3AADC3ED298361FF0056ACDE /* ApiManager */ = {
			isa = PBXGroup;
			children = (
				3AADC3E829834E690056ACDE /* ServiceLayer.swift */,
			);
			path = ApiManager;
			sourceTree = "<group>";
		};
		3AADC3EE298362110056ACDE /* Views */ = {
			isa = PBXGroup;
			children = (
				3AADC3D929834DB50056ACDE /* AllDogsView.swift */,
			);
			path = Views;
			sourceTree = "<group>";
		};
		3AADC3F329836B2D0056ACDE /* Bindings */ = {
			isa = PBXGroup;
			children = (
				3AADC3F129836B200056ACDE /* DogState.swift */,
			);
			path = Bindings;
			sourceTree = "<group>";
		};
/* End PBXGroup section */

/* Begin PBXNativeTarget section */
		3AADC3D329834DB50056ACDE /* DogApi */ = {
			isa = PBXNativeTarget;
			buildConfigurationList = 3AADC3E329834DB60056ACDE /* Build configuration list for PBXNativeTarget "DogApi" */;
			buildPhases = (
				3AADC3D029834DB50056ACDE /* Sources */,
				3AADC3D129834DB50056ACDE /* Frameworks */,
				3AADC3D229834DB50056ACDE /* Resources */,
			);
			buildRules = (
			);
			dependencies = (
			);
			name = DogApi;
			productName = DogApi;
			productReference = 3AADC3D429834DB50056ACDE /* DogApi.app */;
			productType = "com.apple.product-type.application";
		};
/* End PBXNativeTarget section */

/* Begin PBXProject section */
		3AADC3CC29834DB40056ACDE /* Project object */ = {
			isa = PBXProject;
			attributes = {
				BuildIndependentTargetsInParallel = 1;
				LastSwiftUpdateCheck = 1410;
				LastUpgradeCheck = 1410;
				TargetAttributes = {
					3AADC3D329834DB50056ACDE = {
						CreatedOnToolsVersion = 14.1;
					};
				};
			};
			buildConfigurationList = 3AADC3CF29834DB40056ACDE /* Build configuration list for PBXProject "DogApi" */;
			compatibilityVersion = "Xcode 14.0";
			developmentRegion = en;
			hasScannedForEncodings = 0;
			knownRegions = (
				en,
				Base,
			);
			mainGroup = 3AADC3CB29834DB40056ACDE;
			productRefGroup = 3AADC3D529834DB50056ACDE /* Products */;
			projectDirPath = "";
			projectRoot = "";
			targets = (
				3AADC3D329834DB50056ACDE /* DogApi */,
			);
		};
/* End PBXProject section */

/* Begin PBXResourcesBuildPhase section */
		3AADC3D229834DB50056ACDE /* Resources */ = {
			isa = PBXResourcesBuildPhase;
			buildActionMask = 2147483647;
			files = (
				3AADC3E029834DB60056ACDE /* Preview Assets.xcassets in Resources */,
				3AADC3DC29834DB60056ACDE /* Assets.xcassets in Resources */,
			);
			runOnlyForDeploymentPostprocessing = 0;
		};
/* End PBXResourcesBuildPhase section */

/* Begin PBXSourcesBuildPhase section */
		3AADC3D029834DB50056ACDE /* Sources */ = {
			isa = PBXSourcesBuildPhase;
			buildActionMask = 2147483647;
			files = (
				3AADC3F229836B200056ACDE /* DogState.swift in Sources */,
				3AADC3F02983629C0056ACDE /* ErrorModel.swift in Sources */,
				3AADC3EB29834F740056ACDE /* DogModel.swift in Sources */,
				3AADC3DA29834DB50056ACDE /* AllDogsView.swift in Sources */,
				3AADC3E929834E690056ACDE /* ServiceLayer.swift in Sources */,
				3AADC3D829834DB50056ACDE /* DogApiApp.swift in Sources */,
			);
			runOnlyForDeploymentPostprocessing = 0;
		};
/* End PBXSourcesBuildPhase section */

/* Begin XCBuildConfiguration section */
		3AADC3E129834DB60056ACDE /* Debug */ = {
			isa = XCBuildConfiguration;
			buildSettings = {
				ALWAYS_SEARCH_USER_PATHS = NO;
				CLANG_ANALYZER_NONNULL = YES;
				CLANG_ANALYZER_NUMBER_OBJECT_CONVERSION = YES_AGGRESSIVE;
				CLANG_CXX_LANGUAGE_STANDARD = "gnu++20";
				CLANG_ENABLE_MODULES = YES;
				CLANG_ENABLE_OBJC_ARC = YES;
				CLANG_ENABLE_OBJC_WEAK = YES;
				CLANG_WARN_BLOCK_CAPTURE_AUTORELEASING = YES;
				CLANG_WARN_BOOL_CONVERSION = YES;
				CLANG_WARN_COMMA = YES;
				CLANG_WARN_CONSTANT_CONVERSION = YES;
				CLANG_WARN_DEPRECATED_OBJC_IMPLEMENTATIONS = YES;
				CLANG_WARN_DIRECT_OBJC_ISA_USAGE = YES_ERROR;
				CLANG_WARN_DOCUMENTATION_COMMENTS = YES;
				CLANG_WARN_EMPTY_BODY = YES;
				CLANG_WARN_ENUM_CONVERSION = YES;
				CLANG_WARN_INFINITE_RECURSION = YES;
				CLANG_WARN_INT_CONVERSION = YES;
				CLANG_WARN_NON_LITERAL_NULL_CONVERSION = YES;
				CLANG_WARN_OBJC_IMPLICIT_RETAIN_SELF = YES;
				CLANG_WARN_OBJC_LITERAL_CONVERSION = YES;
				CLANG_WARN_OBJC_ROOT_CLASS = YES_ERROR;
				CLANG_WARN_QUOTED_INCLUDE_IN_FRAMEWORK_HEADER = YES;
				CLANG_WARN_RANGE_LOOP_ANALYSIS = YES;
				CLANG_WARN_STRICT_PROTOTYPES = YES;
				CLANG_WARN_SUSPICIOUS_MOVE = YES;
				CLANG_WARN_UNGUARDED_AVAILABILITY = YES_AGGRESSIVE;
				CLANG_WARN_UNREACHABLE_CODE = YES;
				CLANG_WARN__DUPLICATE_METHOD_MATCH = YES;
				COPY_PHASE_STRIP = NO;
				DEBUG_INFORMATION_FORMAT = dwarf;
				ENABLE_STRICT_OBJC_MSGSEND = YES;
				ENABLE_TESTABILITY = YES;
				GCC_C_LANGUAGE_STANDARD = gnu11;
				GCC_DYNAMIC_NO_PIC = NO;
				GCC_NO_COMMON_BLOCKS = YES;
				GCC_OPTIMIZATION_LEVEL = 0;
				GCC_PREPROCESSOR_DEFINITIONS = (
					"DEBUG=1",
					"$(inherited)",
				);
				GCC_WARN_64_TO_32_BIT_CONVERSION = YES;
				GCC_WARN_ABOUT_RETURN_TYPE = YES_ERROR;
				GCC_WARN_UNDECLARED_SELECTOR = YES;
				GCC_WARN_UNINITIALIZED_AUTOS = YES_AGGRESSIVE;
				GCC_WARN_UNUSED_FUNCTION = YES;
				GCC_WARN_UNUSED_VARIABLE = YES;
				MTL_ENABLE_DEBUG_INFO = INCLUDE_SOURCE;
				MTL_FAST_MATH = YES;
				ONLY_ACTIVE_ARCH = YES;
				SWIFT_ACTIVE_COMPILATION_CONDITIONS = DEBUG;
				SWIFT_OPTIMIZATION_LEVEL = "-Onone";
			};
			name = Debug;
		};
		3AADC3E229834DB60056ACDE /* Release */ = {
			isa = XCBuildConfiguration;
			buildSettings = {
				ALWAYS_SEARCH_USER_PATHS = NO;
				CLANG_ANALYZER_NONNULL = YES;
				CLANG_ANALYZER_NUMBER_OBJECT_CONVERSION = YES_AGGRESSIVE;
				CLANG_CXX_LANGUAGE_STANDARD = "gnu++20";
				CLANG_ENABLE_MODULES = YES;
				CLANG_ENABLE_OBJC_ARC = YES;
				CLANG_ENABLE_OBJC_WEAK = YES;
				CLANG_WARN_BLOCK_CAPTURE_AUTORELEASING = YES;
				CLANG_WARN_BOOL_CONVERSION = YES;
				CLANG_WARN_COMMA = YES;
				CLANG_WARN_CONSTANT_CONVERSION = YES;
				CLANG_WARN_DEPRECATED_OBJC_IMPLEMENTATIONS = YES;
				CLANG_WARN_DIRECT_OBJC_ISA_USAGE = YES_ERROR;
				CLANG_WARN_DOCUMENTATION_COMMENTS = YES;
				CLANG_WARN_EMPTY_BODY = YES;
				CLANG_WARN_ENUM_CONVERSION = YES;
				CLANG_WARN_INFINITE_RECURSION = YES;
				CLANG_WARN_INT_CONVERSION = YES;
				CLANG_WARN_NON_LITERAL_NULL_CONVERSION = YES;
				CLANG_WARN_OBJC_IMPLICIT_RETAIN_SELF = YES;
				CLANG_WARN_OBJC_LITERAL_CONVERSION = YES;
				CLANG_WARN_OBJC_ROOT_CLASS = YES_ERROR;
				CLANG_WARN_QUOTED_INCLUDE_IN_FRAMEWORK_HEADER = YES;
				CLANG_WARN_RANGE_LOOP_ANALYSIS = YES;
				CLANG_WARN_STRICT_PROTOTYPES = YES;
				CLANG_WARN_SUSPICIOUS_MOVE = YES;
				CLANG_WARN_UNGUARDED_AVAILABILITY = YES_AGGRESSIVE;
				CLANG_WARN_UNREACHABLE_CODE = YES;
				CLANG_WARN__DUPLICATE_METHOD_MATCH = YES;
				COPY_PHASE_STRIP = NO;
				DEBUG_INFORMATION_FORMAT = "dwarf-with-dsym";
				ENABLE_NS_ASSERTIONS = NO;
				ENABLE_STRICT_OBJC_MSGSEND = YES;
				GCC_C_LANGUAGE_STANDARD = gnu11;
				GCC_NO_COMMON_BLOCKS = YES;
				GCC_WARN_64_TO_32_BIT_CONVERSION = YES;
				GCC_WARN_ABOUT_RETURN_TYPE = YES_ERROR;
				GCC_WARN_UNDECLARED_SELECTOR = YES;
				GCC_WARN_UNINITIALIZED_AUTOS = YES_AGGRESSIVE;
				GCC_WARN_UNUSED_FUNCTION = YES;
				GCC_WARN_UNUSED_VARIABLE = YES;
				MTL_ENABLE_DEBUG_INFO = NO;
				MTL_FAST_MATH = YES;
				SWIFT_COMPILATION_MODE = wholemodule;
				SWIFT_OPTIMIZATION_LEVEL = "-O";
			};
			name = Release;
		};
		3AADC3E429834DB60056ACDE /* Debug */ = {
			isa = XCBuildConfiguration;
			buildSettings = {
				ASSETCATALOG_COMPILER_APPICON_NAME = AppIcon;
				ASSETCATALOG_COMPILER_GLOBAL_ACCENT_COLOR_NAME = AccentColor;
				CODE_SIGN_ENTITLEMENTS = DogApi/DogApi.entitlements;
				CODE_SIGN_STYLE = Automatic;
				CURRENT_PROJECT_VERSION = 1;
				DEVELOPMENT_ASSET_PATHS = "\"DogApi/Preview Content\"";
				ENABLE_PREVIEWS = YES;
				GENERATE_INFOPLIST_FILE = YES;
				"INFOPLIST_KEY_UIApplicationSceneManifest_Generation[sdk=iphoneos*]" = YES;
				"INFOPLIST_KEY_UIApplicationSceneManifest_Generation[sdk=iphonesimulator*]" = YES;
				"INFOPLIST_KEY_UIApplicationSupportsIndirectInputEvents[sdk=iphoneos*]" = YES;
				"INFOPLIST_KEY_UIApplicationSupportsIndirectInputEvents[sdk=iphonesimulator*]" = YES;
				"INFOPLIST_KEY_UILaunchScreen_Generation[sdk=iphoneos*]" = YES;
				"INFOPLIST_KEY_UILaunchScreen_Generation[sdk=iphonesimulator*]" = YES;
				"INFOPLIST_KEY_UIStatusBarStyle[sdk=iphoneos*]" = UIStatusBarStyleDefault;
				"INFOPLIST_KEY_UIStatusBarStyle[sdk=iphonesimulator*]" = UIStatusBarStyleDefault;
				INFOPLIST_KEY_UISupportedInterfaceOrientations_iPad = "UIInterfaceOrientationPortrait UIInterfaceOrientationPortraitUpsideDown UIInterfaceOrientationLandscapeLeft UIInterfaceOrientationLandscapeRight";
				INFOPLIST_KEY_UISupportedInterfaceOrientations_iPhone = "UIInterfaceOrientationPortrait UIInterfaceOrientationLandscapeLeft UIInterfaceOrientationLandscapeRight";
				IPHONEOS_DEPLOYMENT_TARGET = 16.1;
				LD_RUNPATH_SEARCH_PATHS = "@executable_path/Frameworks";
				"LD_RUNPATH_SEARCH_PATHS[sdk=macosx*]" = "@executable_path/../Frameworks";
				MACOSX_DEPLOYMENT_TARGET = 13.0;
				MARKETING_VERSION = 1.0;
				PRODUCT_BUNDLE_IDENTIFIER = sreetej.projects.DogApi;
				PRODUCT_NAME = "$(TARGET_NAME)";
				SDKROOT = auto;
				SUPPORTED_PLATFORMS = "iphoneos iphonesimulator macosx";
				SWIFT_EMIT_LOC_STRINGS = YES;
				SWIFT_VERSION = 5.0;
				TARGETED_DEVICE_FAMILY = "1,2";
			};
			name = Debug;
		};
		3AADC3E529834DB60056ACDE /* Release */ = {
			isa = XCBuildConfiguration;
			buildSettings = {
				ASSETCATALOG_COMPILER_APPICON_NAME = AppIcon;
				ASSETCATALOG_COMPILER_GLOBAL_ACCENT_COLOR_NAME = AccentColor;
				CODE_SIGN_ENTITLEMENTS = DogApi/DogApi.entitlements;
				CODE_SIGN_STYLE = Automatic;
				CURRENT_PROJECT_VERSION = 1;
				DEVELOPMENT_ASSET_PATHS = "\"DogApi/Preview Content\"";
				ENABLE_PREVIEWS = YES;
				GENERATE_INFOPLIST_FILE = YES;
				"INFOPLIST_KEY_UIApplicationSceneManifest_Generation[sdk=iphoneos*]" = YES;
				"INFOPLIST_KEY_UIApplicationSceneManifest_Generation[sdk=iphonesimulator*]" = YES;
				"INFOPLIST_KEY_UIApplicationSupportsIndirectInputEvents[sdk=iphoneos*]" = YES;
				"INFOPLIST_KEY_UIApplicationSupportsIndirectInputEvents[sdk=iphonesimulator*]" = YES;
				"INFOPLIST_KEY_UILaunchScreen_Generation[sdk=iphoneos*]" = YES;
				"INFOPLIST_KEY_UILaunchScreen_Generation[sdk=iphonesimulator*]" = YES;
				"INFOPLIST_KEY_UIStatusBarStyle[sdk=iphoneos*]" = UIStatusBarStyleDefault;
				"INFOPLIST_KEY_UIStatusBarStyle[sdk=iphonesimulator*]" = UIStatusBarStyleDefault;
				INFOPLIST_KEY_UISupportedInterfaceOrientations_iPad = "UIInterfaceOrientationPortrait UIInterfaceOrientationPortraitUpsideDown UIInterfaceOrientationLandscapeLeft UIInterfaceOrientationLandscapeRight";
				INFOPLIST_KEY_UISupportedInterfaceOrientations_iPhone = "UIInterfaceOrientationPortrait UIInterfaceOrientationLandscapeLeft UIInterfaceOrientationLandscapeRight";
				IPHONEOS_DEPLOYMENT_TARGET = 16.1;
				LD_RUNPATH_SEARCH_PATHS = "@executable_path/Frameworks";
				"LD_RUNPATH_SEARCH_PATHS[sdk=macosx*]" = "@executable_path/../Frameworks";
				MACOSX_DEPLOYMENT_TARGET = 13.0;
				MARKETING_VERSION = 1.0;
				PRODUCT_BUNDLE_IDENTIFIER = sreetej.projects.DogApi;
				PRODUCT_NAME = "$(TARGET_NAME)";
				SDKROOT = auto;
				SUPPORTED_PLATFORMS = "iphoneos iphonesimulator macosx";
				SWIFT_EMIT_LOC_STRINGS = YES;
				SWIFT_VERSION = 5.0;
				TARGETED_DEVICE_FAMILY = "1,2";
			};
			name = Release;
		};
/* End XCBuildConfiguration section */

/* Begin XCConfigurationList section */
		3AADC3CF29834DB40056ACDE /* Build configuration list for PBXProject "DogApi" */ = {
			isa = XCConfigurationList;
			buildConfigurations = (
				3AADC3E129834DB60056ACDE /* Debug */,
				3AADC3E229834DB60056ACDE /* Release */,
			);
			defaultConfigurationIsVisible = 0;
			defaultConfigurationName = Release;
		};
		3AADC3E329834DB60056ACDE /* Build configuration list for PBXNativeTarget "DogApi" */ = {
			isa = XCConfigurationList;
			buildConfigurations = (
				3AADC3E429834DB60056ACDE /* Debug */,
				3AADC3E529834DB60056ACDE /* Release */,
			);
			defaultConfigurationIsVisible = 0;
			defaultConfigurationName = Release;
		};
/* End XCConfigurationList section */
	};
	rootObject = 3AADC3CC29834DB40056ACDE /* Project object */;
}
